
Microsoft Visual Studio Solution File, Format Version 12.00
# Visual Studio Version 16
VisualStudioVersion = 16.0.31702.278
MinimumVisualStudioVersion = 10.0.40219.1
Project("{FAE04EC0-301F-11D3-BF4B-00C04F79EFBC}") = "K181133_Q3", "K181133_Q3\K181133_Q3.csproj", "{5D7B9DD2-F5F6-4B98-A29D-3FFF137CC253}"
EndProject
Global
	GlobalSection(SolutionConfigurationPlatforms) = preSolution
		Debug|Any CPU = Debug|Any CPU
		Release|Any CPU = Release|Any CPU
	EndGlobalSection
	GlobalSection(ProjectConfigurationPlatforms) = postSolution
		{5D7B9DD2-F5F6-4B98-A29D-3FFF137CC253}.Debug|Any CPU.ActiveCfg = Debug|Any CPU
		{5D7B9DD2-F5F6-4B98-A29D-3FFF137CC253}.Debug|Any CPU.Build.0 = Debug|Any CPU
		{5D7B9DD2-F5F6-4B98-A29D-3FFF137CC253}.Release|Any CPU.ActiveCfg = Release|Any CPU
		{5D7B9DD2-F5F6-4B98-A29D-3FFF137CC253}.Release|Any CPU.Build.0 = Release|Any CPU
	EndGlobalSection
	GlobalSection(SolutionProperties) = preSolution
		HideSolutionNode = FALSE
	EndGlobalSection
	GlobalSection(ExtensibilityGlobals) = postSolution
		SolutionGuid = {B81384DC-3807-4325-90F6-B2527C9DC928}
	EndGlobalSection
EndGlobal
